
Microsoft Visual Studio Solution File, Format Version 12.00
# Visual Studio Version 16
VisualStudioVersion = 16.0.29728.190
MinimumVisualStudioVersion = 10.0.40219.1
Project("{2150E333-8FDC-42A3-9474-1A3956D46DE8}") = "src", "src", "{AB09CB25-AF52-4CB4-8638-1460BDEB9031}"
EndProject
Project("{2150E333-8FDC-42A3-9474-1A3956D46DE8}") = "Domain", "Domain", "{06ED4116-2684-4692-8B11-B82E3117AF2A}"
EndProject
Project("{2150E333-8FDC-42A3-9474-1A3956D46DE8}") = "Infrastructure", "Infrastructure", "{78226159-2F17-4459-A0F9-59767D1FB688}"
EndProject
Project("{2150E333-8FDC-42A3-9474-1A3956D46DE8}") = "Presentation", "Presentation", "{DEE453FE-939B-4A52-829C-AD68416E3801}"
EndProject
Project("{9A19103F-16F7-4668-BE54-9A1E7A4F7556}") = "Database", "src\Domain\Database\Database.csproj", "{C3DD09F6-1125-4935-9382-F7728D5CD68F}"
EndProject
Project("{9A19103F-16F7-4668-BE54-9A1E7A4F7556}") = "Helpers", "src\Infrastructure\Helpers\Helpers.csproj", "{62C43DE0-2BE1-4D2E-B93C-C9027E237674}"
EndProject
Project("{9A19103F-16F7-4668-BE54-9A1E7A4F7556}") = "GUI", "src\Presentation\GUI\GUI.csproj", "{6B8DC7B4-5795-4798-9D29-9BEC819D278D}"
EndProject
Project("{FAE04EC0-301F-11D3-BF4B-00C04F79EFBC}") = "Presistance", "src\Infrastructure\Presistance\Presistance.csproj", "{3F89AF1F-5F36-4B63-A2D4-8B2069B08E63}"
EndProject
Global
	GlobalSection(SolutionConfigurationPlatforms) = preSolution
		Debug|Any CPU = Debug|Any CPU
		Release|Any CPU = Release|Any CPU
	EndGlobalSection
	GlobalSection(ProjectConfigurationPlatforms) = postSolution
		{C3DD09F6-1125-4935-9382-F7728D5CD68F}.Debug|Any CPU.ActiveCfg = Debug|Any CPU
		{C3DD09F6-1125-4935-9382-F7728D5CD68F}.Debug|Any CPU.Build.0 = Debug|Any CPU
		{C3DD09F6-1125-4935-9382-F7728D5CD68F}.Release|Any CPU.ActiveCfg = Release|Any CPU
		{C3DD09F6-1125-4935-9382-F7728D5CD68F}.Release|Any CPU.Build.0 = Release|Any CPU
		{62C43DE0-2BE1-4D2E-B93C-C9027E237674}.Debug|Any CPU.ActiveCfg = Debug|Any CPU
		{62C43DE0-2BE1-4D2E-B93C-C9027E237674}.Debug|Any CPU.Build.0 = Debug|Any CPU
		{62C43DE0-2BE1-4D2E-B93C-C9027E237674}.Release|Any CPU.ActiveCfg = Release|Any CPU
		{62C43DE0-2BE1-4D2E-B93C-C9027E237674}.Release|Any CPU.Build.0 = Release|Any CPU
		{6B8DC7B4-5795-4798-9D29-9BEC819D278D}.Debug|Any CPU.ActiveCfg = Debug|Any CPU
		{6B8DC7B4-5795-4798-9D29-9BEC819D278D}.Debug|Any CPU.Build.0 = Debug|Any CPU
		{6B8DC7B4-5795-4798-9D29-9BEC819D278D}.Release|Any CPU.ActiveCfg = Release|Any CPU
		{6B8DC7B4-5795-4798-9D29-9BEC819D278D}.Release|Any CPU.Build.0 = Release|Any CPU
		{3F89AF1F-5F36-4B63-A2D4-8B2069B08E63}.Debug|Any CPU.ActiveCfg = Debug|Any CPU
		{3F89AF1F-5F36-4B63-A2D4-8B2069B08E63}.Debug|Any CPU.Build.0 = Debug|Any CPU
		{3F89AF1F-5F36-4B63-A2D4-8B2069B08E63}.Release|Any CPU.ActiveCfg = Release|Any CPU
		{3F89AF1F-5F36-4B63-A2D4-8B2069B08E63}.Release|Any CPU.Build.0 = Release|Any CPU
	EndGlobalSection
	GlobalSection(SolutionProperties) = preSolution
		HideSolutionNode = FALSE
	EndGlobalSection
	GlobalSection(NestedProjects) = preSolution
		{06ED4116-2684-4692-8B11-B82E3117AF2A} = {AB09CB25-AF52-4CB4-8638-1460BDEB9031}
		{78226159-2F17-4459-A0F9-59767D1FB688} = {AB09CB25-AF52-4CB4-8638-1460BDEB9031}
		{DEE453FE-939B-4A52-829C-AD68416E3801} = {AB09CB25-AF52-4CB4-8638-1460BDEB9031}
		{C3DD09F6-1125-4935-9382-F7728D5CD68F} = {06ED4116-2684-4692-8B11-B82E3117AF2A}
		{62C43DE0-2BE1-4D2E-B93C-C9027E237674} = {78226159-2F17-4459-A0F9-59767D1FB688}
		{6B8DC7B4-5795-4798-9D29-9BEC819D278D} = {DEE453FE-939B-4A52-829C-AD68416E3801}
		{3F89AF1F-5F36-4B63-A2D4-8B2069B08E63} = {78226159-2F17-4459-A0F9-59767D1FB688}
	EndGlobalSection
	GlobalSection(ExtensibilityGlobals) = postSolution
		SolutionGuid = {F33A4C06-56AD-4AC0-B1EA-2D7A7F729AED}
	EndGlobalSection
EndGlobal
